
Microsoft Visual Studio Solution File, Format Version 12.00
# Visual Studio Version 17
VisualStudioVersion = 17.9.34622.214
MinimumVisualStudioVersion = 10.0.40219.1
Project("{FAE04EC0-301F-11D3-BF4B-00C04F79EFBC}") = "SerilogElastic_Medium", "SerilogElastic_Medium.csproj", "{6FF658E2-68B5-470D-806D-3238CF887D34}"
EndProject
Global
	GlobalSection(SolutionConfigurationPlatforms) = preSolution
		Debug|Any CPU = Debug|Any CPU
		Release|Any CPU = Release|Any CPU
	EndGlobalSection
	GlobalSection(ProjectConfigurationPlatforms) = postSolution
		{6FF658E2-68B5-470D-806D-3238CF887D34}.Debug|Any CPU.ActiveCfg = Debug|Any CPU
		{6FF658E2-68B5-470D-806D-3238CF887D34}.Debug|Any CPU.Build.0 = Debug|Any CPU
		{6FF658E2-68B5-470D-806D-3238CF887D34}.Release|Any CPU.ActiveCfg = Release|Any CPU
		{6FF658E2-68B5-470D-806D-3238CF887D34}.Release|Any CPU.Build.0 = Release|Any CPU
	EndGlobalSection
	GlobalSection(SolutionProperties) = preSolution
		HideSolutionNode = FALSE
	EndGlobalSection
	GlobalSection(ExtensibilityGlobals) = postSolution
		SolutionGuid = {B2D6A273-6031-4ADF-9290-17FFFED3D32B}
	EndGlobalSection
EndGlobal
